// !$*UTF8*$!
{
	archiveVersion = 1;
	classes = {
	};
	objectVersion = 46;
	objects = {

/* Begin PBXBuildFile section */
<<<<<<< HEAD
		187035A11C93A23600F3648A /* KNPerson.m in Sources */ = {isa = PBXBuildFile; fileRef = 187035A01C93A23600F3648A /* KNPerson.m */; };
		187035A51C93AB6500F3648A /* KNBaby.m in Sources */ = {isa = PBXBuildFile; fileRef = 187035A41C93AB6500F3648A /* KNBaby.m */; };
=======
		187035AB1C93B53700F3648A /* Line.m in Sources */ = {isa = PBXBuildFile; fileRef = 187035AA1C93B53700F3648A /* Line.m */; };
>>>>>>> line
		18CAC2621C930EFA00474D45 /* main.m in Sources */ = {isa = PBXBuildFile; fileRef = 18CAC2611C930EFA00474D45 /* main.m */; };
		18CAC2651C930EFA00474D45 /* AppDelegate.m in Sources */ = {isa = PBXBuildFile; fileRef = 18CAC2641C930EFA00474D45 /* AppDelegate.m */; };
		18CAC2681C930EFA00474D45 /* ViewController.m in Sources */ = {isa = PBXBuildFile; fileRef = 18CAC2671C930EFA00474D45 /* ViewController.m */; };
		18CAC26B1C930EFA00474D45 /* Main.storyboard in Resources */ = {isa = PBXBuildFile; fileRef = 18CAC2691C930EFA00474D45 /* Main.storyboard */; };
		18CAC26D1C930EFA00474D45 /* Assets.xcassets in Resources */ = {isa = PBXBuildFile; fileRef = 18CAC26C1C930EFA00474D45 /* Assets.xcassets */; };
		18CAC2701C930EFA00474D45 /* LaunchScreen.storyboard in Resources */ = {isa = PBXBuildFile; fileRef = 18CAC26E1C930EFA00474D45 /* LaunchScreen.storyboard */; };
/* End PBXBuildFile section */

/* Begin PBXFileReference section */
<<<<<<< HEAD
		1870359F1C93A23600F3648A /* KNPerson.h */ = {isa = PBXFileReference; fileEncoding = 4; lastKnownFileType = sourcecode.c.h; path = KNPerson.h; sourceTree = "<group>"; };
		187035A01C93A23600F3648A /* KNPerson.m */ = {isa = PBXFileReference; fileEncoding = 4; lastKnownFileType = sourcecode.c.objc; path = KNPerson.m; sourceTree = "<group>"; };
		187035A31C93AB6500F3648A /* KNBaby.h */ = {isa = PBXFileReference; fileEncoding = 4; lastKnownFileType = sourcecode.c.h; name = KNBaby.h; path = ../KNBaby.h; sourceTree = "<group>"; };
		187035A41C93AB6500F3648A /* KNBaby.m */ = {isa = PBXFileReference; fileEncoding = 4; lastKnownFileType = sourcecode.c.objc; name = KNBaby.m; path = ../KNBaby.m; sourceTree = "<group>"; };
=======
		187035A91C93B53700F3648A /* Line.h */ = {isa = PBXFileReference; fileEncoding = 4; lastKnownFileType = sourcecode.c.h; path = Line.h; sourceTree = "<group>"; };
		187035AA1C93B53700F3648A /* Line.m */ = {isa = PBXFileReference; fileEncoding = 4; lastKnownFileType = sourcecode.c.objc; path = Line.m; sourceTree = "<group>"; };
>>>>>>> line
		18CAC25D1C930EFA00474D45 /* momo.app */ = {isa = PBXFileReference; explicitFileType = wrapper.application; includeInIndex = 0; path = momo.app; sourceTree = BUILT_PRODUCTS_DIR; };
		18CAC2611C930EFA00474D45 /* main.m */ = {isa = PBXFileReference; lastKnownFileType = sourcecode.c.objc; path = main.m; sourceTree = "<group>"; };
		18CAC2631C930EFA00474D45 /* AppDelegate.h */ = {isa = PBXFileReference; lastKnownFileType = sourcecode.c.h; path = AppDelegate.h; sourceTree = "<group>"; };
		18CAC2641C930EFA00474D45 /* AppDelegate.m */ = {isa = PBXFileReference; lastKnownFileType = sourcecode.c.objc; path = AppDelegate.m; sourceTree = "<group>"; };
		18CAC2661C930EFA00474D45 /* ViewController.h */ = {isa = PBXFileReference; lastKnownFileType = sourcecode.c.h; path = ViewController.h; sourceTree = "<group>"; };
		18CAC2671C930EFA00474D45 /* ViewController.m */ = {isa = PBXFileReference; lastKnownFileType = sourcecode.c.objc; path = ViewController.m; sourceTree = "<group>"; };
		18CAC26A1C930EFA00474D45 /* Base */ = {isa = PBXFileReference; lastKnownFileType = file.storyboard; name = Base; path = Base.lproj/Main.storyboard; sourceTree = "<group>"; };
		18CAC26C1C930EFA00474D45 /* Assets.xcassets */ = {isa = PBXFileReference; lastKnownFileType = folder.assetcatalog; path = Assets.xcassets; sourceTree = "<group>"; };
		18CAC26F1C930EFA00474D45 /* Base */ = {isa = PBXFileReference; lastKnownFileType = file.storyboard; name = Base; path = Base.lproj/LaunchScreen.storyboard; sourceTree = "<group>"; };
		18CAC2711C930EFA00474D45 /* Info.plist */ = {isa = PBXFileReference; lastKnownFileType = text.plist.xml; path = Info.plist; sourceTree = "<group>"; };
/* End PBXFileReference section */

/* Begin PBXFrameworksBuildPhase section */
		18CAC25A1C930EFA00474D45 /* Frameworks */ = {
			isa = PBXFrameworksBuildPhase;
			buildActionMask = 2147483647;
			files = (
			);
			runOnlyForDeploymentPostprocessing = 0;
		};
/* End PBXFrameworksBuildPhase section */

/* Begin PBXGroup section */
		18CAC2541C930EF900474D45 = {
			isa = PBXGroup;
			children = (
				18CAC25F1C930EFA00474D45 /* momo */,
				18CAC25E1C930EFA00474D45 /* Products */,
			);
			sourceTree = "<group>";
		};
		18CAC25E1C930EFA00474D45 /* Products */ = {
			isa = PBXGroup;
			children = (
				18CAC25D1C930EFA00474D45 /* momo.app */,
			);
			name = Products;
			sourceTree = "<group>";
		};
		18CAC25F1C930EFA00474D45 /* momo */ = {
			isa = PBXGroup;
			children = (
				18CAC2631C930EFA00474D45 /* AppDelegate.h */,
				18CAC2641C930EFA00474D45 /* AppDelegate.m */,
				1870359F1C93A23600F3648A /* KNPerson.h */,
				187035A01C93A23600F3648A /* KNPerson.m */,
				187035A31C93AB6500F3648A /* KNBaby.h */,
				187035A41C93AB6500F3648A /* KNBaby.m */,
				18CAC2661C930EFA00474D45 /* ViewController.h */,
				18CAC2671C930EFA00474D45 /* ViewController.m */,
				187035A91C93B53700F3648A /* Line.h */,
				187035AA1C93B53700F3648A /* Line.m */,
				18CAC2691C930EFA00474D45 /* Main.storyboard */,
				18CAC26C1C930EFA00474D45 /* Assets.xcassets */,
				18CAC26E1C930EFA00474D45 /* LaunchScreen.storyboard */,
				18CAC2711C930EFA00474D45 /* Info.plist */,
				18CAC2601C930EFA00474D45 /* Supporting Files */,
			);
			path = momo;
			sourceTree = "<group>";
		};
		18CAC2601C930EFA00474D45 /* Supporting Files */ = {
			isa = PBXGroup;
			children = (
				18CAC2611C930EFA00474D45 /* main.m */,
			);
			name = "Supporting Files";
			sourceTree = "<group>";
		};
/* End PBXGroup section */

/* Begin PBXNativeTarget section */
		18CAC25C1C930EFA00474D45 /* momo */ = {
			isa = PBXNativeTarget;
			buildConfigurationList = 18CAC2741C930EFA00474D45 /* Build configuration list for PBXNativeTarget "momo" */;
			buildPhases = (
				18CAC2591C930EFA00474D45 /* Sources */,
				18CAC25A1C930EFA00474D45 /* Frameworks */,
				18CAC25B1C930EFA00474D45 /* Resources */,
			);
			buildRules = (
			);
			dependencies = (
			);
			name = momo;
			productName = momo;
			productReference = 18CAC25D1C930EFA00474D45 /* momo.app */;
			productType = "com.apple.product-type.application";
		};
/* End PBXNativeTarget section */

/* Begin PBXProject section */
		18CAC2551C930EF900474D45 /* Project object */ = {
			isa = PBXProject;
			attributes = {
				LastUpgradeCheck = 0720;
				ORGANIZATIONNAME = apple;
				TargetAttributes = {
					18CAC25C1C930EFA00474D45 = {
						CreatedOnToolsVersion = 7.2;
					};
				};
			};
			buildConfigurationList = 18CAC2581C930EF900474D45 /* Build configuration list for PBXProject "momo" */;
			compatibilityVersion = "Xcode 3.2";
			developmentRegion = English;
			hasScannedForEncodings = 0;
			knownRegions = (
				en,
				Base,
			);
			mainGroup = 18CAC2541C930EF900474D45;
			productRefGroup = 18CAC25E1C930EFA00474D45 /* Products */;
			projectDirPath = "";
			projectRoot = "";
			targets = (
				18CAC25C1C930EFA00474D45 /* momo */,
			);
		};
/* End PBXProject section */

/* Begin PBXResourcesBuildPhase section */
		18CAC25B1C930EFA00474D45 /* Resources */ = {
			isa = PBXResourcesBuildPhase;
			buildActionMask = 2147483647;
			files = (
				18CAC2701C930EFA00474D45 /* LaunchScreen.storyboard in Resources */,
				18CAC26D1C930EFA00474D45 /* Assets.xcassets in Resources */,
				18CAC26B1C930EFA00474D45 /* Main.storyboard in Resources */,
			);
			runOnlyForDeploymentPostprocessing = 0;
		};
/* End PBXResourcesBuildPhase section */

/* Begin PBXSourcesBuildPhase section */
		18CAC2591C930EFA00474D45 /* Sources */ = {
			isa = PBXSourcesBuildPhase;
			buildActionMask = 2147483647;
			files = (
				18CAC2681C930EFA00474D45 /* ViewController.m in Sources */,
<<<<<<< HEAD
				187035A11C93A23600F3648A /* KNPerson.m in Sources */,
				187035A51C93AB6500F3648A /* KNBaby.m in Sources */,
=======
				187035AB1C93B53700F3648A /* Line.m in Sources */,
>>>>>>> line
				18CAC2651C930EFA00474D45 /* AppDelegate.m in Sources */,
				18CAC2621C930EFA00474D45 /* main.m in Sources */,
			);
			runOnlyForDeploymentPostprocessing = 0;
		};
/* End PBXSourcesBuildPhase section */

/* Begin PBXVariantGroup section */
		18CAC2691C930EFA00474D45 /* Main.storyboard */ = {
			isa = PBXVariantGroup;
			children = (
				18CAC26A1C930EFA00474D45 /* Base */,
			);
			name = Main.storyboard;
			sourceTree = "<group>";
		};
		18CAC26E1C930EFA00474D45 /* LaunchScreen.storyboard */ = {
			isa = PBXVariantGroup;
			children = (
				18CAC26F1C930EFA00474D45 /* Base */,
			);
			name = LaunchScreen.storyboard;
			sourceTree = "<group>";
		};
/* End PBXVariantGroup section */

/* Begin XCBuildConfiguration section */
		18CAC2721C930EFA00474D45 /* Debug */ = {
			isa = XCBuildConfiguration;
			buildSettings = {
				ALWAYS_SEARCH_USER_PATHS = NO;
				CLANG_CXX_LANGUAGE_STANDARD = "gnu++0x";
				CLANG_CXX_LIBRARY = "libc++";
				CLANG_ENABLE_MODULES = YES;
				CLANG_ENABLE_OBJC_ARC = YES;
				CLANG_WARN_BOOL_CONVERSION = YES;
				CLANG_WARN_CONSTANT_CONVERSION = YES;
				CLANG_WARN_DIRECT_OBJC_ISA_USAGE = YES_ERROR;
				CLANG_WARN_EMPTY_BODY = YES;
				CLANG_WARN_ENUM_CONVERSION = YES;
				CLANG_WARN_INT_CONVERSION = YES;
				CLANG_WARN_OBJC_ROOT_CLASS = YES_ERROR;
				CLANG_WARN_UNREACHABLE_CODE = YES;
				CLANG_WARN__DUPLICATE_METHOD_MATCH = YES;
				"CODE_SIGN_IDENTITY[sdk=iphoneos*]" = "iPhone Developer";
				COPY_PHASE_STRIP = NO;
				DEBUG_INFORMATION_FORMAT = dwarf;
				ENABLE_STRICT_OBJC_MSGSEND = YES;
				ENABLE_TESTABILITY = YES;
				GCC_C_LANGUAGE_STANDARD = gnu99;
				GCC_DYNAMIC_NO_PIC = NO;
				GCC_NO_COMMON_BLOCKS = YES;
				GCC_OPTIMIZATION_LEVEL = 0;
				GCC_PREPROCESSOR_DEFINITIONS = (
					"DEBUG=1",
					"$(inherited)",
				);
				GCC_WARN_64_TO_32_BIT_CONVERSION = YES;
				GCC_WARN_ABOUT_RETURN_TYPE = YES_ERROR;
				GCC_WARN_UNDECLARED_SELECTOR = YES;
				GCC_WARN_UNINITIALIZED_AUTOS = YES_AGGRESSIVE;
				GCC_WARN_UNUSED_FUNCTION = YES;
				GCC_WARN_UNUSED_VARIABLE = YES;
				IPHONEOS_DEPLOYMENT_TARGET = 9.2;
				MTL_ENABLE_DEBUG_INFO = YES;
				ONLY_ACTIVE_ARCH = YES;
				SDKROOT = iphoneos;
				TARGETED_DEVICE_FAMILY = "1,2";
			};
			name = Debug;
		};
		18CAC2731C930EFA00474D45 /* Release */ = {
			isa = XCBuildConfiguration;
			buildSettings = {
				ALWAYS_SEARCH_USER_PATHS = NO;
				CLANG_CXX_LANGUAGE_STANDARD = "gnu++0x";
				CLANG_CXX_LIBRARY = "libc++";
				CLANG_ENABLE_MODULES = YES;
				CLANG_ENABLE_OBJC_ARC = YES;
				CLANG_WARN_BOOL_CONVERSION = YES;
				CLANG_WARN_CONSTANT_CONVERSION = YES;
				CLANG_WARN_DIRECT_OBJC_ISA_USAGE = YES_ERROR;
				CLANG_WARN_EMPTY_BODY = YES;
				CLANG_WARN_ENUM_CONVERSION = YES;
				CLANG_WARN_INT_CONVERSION = YES;
				CLANG_WARN_OBJC_ROOT_CLASS = YES_ERROR;
				CLANG_WARN_UNREACHABLE_CODE = YES;
				CLANG_WARN__DUPLICATE_METHOD_MATCH = YES;
				"CODE_SIGN_IDENTITY[sdk=iphoneos*]" = "iPhone Developer";
				COPY_PHASE_STRIP = NO;
				DEBUG_INFORMATION_FORMAT = "dwarf-with-dsym";
				ENABLE_NS_ASSERTIONS = NO;
				ENABLE_STRICT_OBJC_MSGSEND = YES;
				GCC_C_LANGUAGE_STANDARD = gnu99;
				GCC_NO_COMMON_BLOCKS = YES;
				GCC_WARN_64_TO_32_BIT_CONVERSION = YES;
				GCC_WARN_ABOUT_RETURN_TYPE = YES_ERROR;
				GCC_WARN_UNDECLARED_SELECTOR = YES;
				GCC_WARN_UNINITIALIZED_AUTOS = YES_AGGRESSIVE;
				GCC_WARN_UNUSED_FUNCTION = YES;
				GCC_WARN_UNUSED_VARIABLE = YES;
				IPHONEOS_DEPLOYMENT_TARGET = 9.2;
				MTL_ENABLE_DEBUG_INFO = NO;
				SDKROOT = iphoneos;
				TARGETED_DEVICE_FAMILY = "1,2";
				VALIDATE_PRODUCT = YES;
			};
			name = Release;
		};
		18CAC2751C930EFA00474D45 /* Debug */ = {
			isa = XCBuildConfiguration;
			buildSettings = {
				ASSETCATALOG_COMPILER_APPICON_NAME = AppIcon;
				INFOPLIST_FILE = momo/Info.plist;
				LD_RUNPATH_SEARCH_PATHS = "$(inherited) @executable_path/Frameworks";
				PRODUCT_BUNDLE_IDENTIFIER = kang.momo;
				PRODUCT_NAME = "$(TARGET_NAME)";
			};
			name = Debug;
		};
		18CAC2761C930EFA00474D45 /* Release */ = {
			isa = XCBuildConfiguration;
			buildSettings = {
				ASSETCATALOG_COMPILER_APPICON_NAME = AppIcon;
				INFOPLIST_FILE = momo/Info.plist;
				LD_RUNPATH_SEARCH_PATHS = "$(inherited) @executable_path/Frameworks";
				PRODUCT_BUNDLE_IDENTIFIER = kang.momo;
				PRODUCT_NAME = "$(TARGET_NAME)";
			};
			name = Release;
		};
/* End XCBuildConfiguration section */

/* Begin XCConfigurationList section */
		18CAC2581C930EF900474D45 /* Build configuration list for PBXProject "momo" */ = {
			isa = XCConfigurationList;
			buildConfigurations = (
				18CAC2721C930EFA00474D45 /* Debug */,
				18CAC2731C930EFA00474D45 /* Release */,
			);
			defaultConfigurationIsVisible = 0;
			defaultConfigurationName = Release;
		};
		18CAC2741C930EFA00474D45 /* Build configuration list for PBXNativeTarget "momo" */ = {
			isa = XCConfigurationList;
			buildConfigurations = (
				18CAC2751C930EFA00474D45 /* Debug */,
				18CAC2761C930EFA00474D45 /* Release */,
			);
			defaultConfigurationIsVisible = 0;
			defaultConfigurationName = Release;
		};
/* End XCConfigurationList section */
	};
	rootObject = 18CAC2551C930EF900474D45 /* Project object */;
}
